# THIS IS AN AUTOGENERATED FILE. DO NOT EDIT THIS FILE DIRECTLY.
# yarn lockfile v1


"@colors/colors@1.5.0":
  version "1.5.0"
  resolved "https://registry.yarnpkg.com/@colors/colors/-/colors-1.5.0.tgz#bb504579c1cae923e6576a4f5da43d25f97bdbd9"

"@isaacs/cliui@^8.0.2":
  version "8.0.2"
  resolved "https://registry.yarnpkg.com/@isaacs/cliui/-/cliui-8.0.2.tgz#b37667b7bc181c168782259bab42474fbf52b550"
  dependencies:
    string-width "^5.1.2"
    string-width-cjs "npm:string-width@^4.2.0"
    strip-ansi "^7.0.1"
    strip-ansi-cjs "npm:strip-ansi@^6.0.1"
    wrap-ansi "^8.1.0"
    wrap-ansi-cjs "npm:wrap-ansi@^7.0.0"

"@isaacs/cliui@^9.0.0":
  version "9.0.0"
  resolved "https://registry.yarnpkg.com/@isaacs/cliui/-/cliui-9.0.0.tgz#4d0a3f127058043bf2e7ee169eaf30ed901302f3"

"@nodelib/fs.scandir@2.1.5":
  version "2.1.5"
  resolved "https://registry.yarnpkg.com/@nodelib/fs.scandir/-/fs.scandir-2.1.5.tgz#7619c2eb21b25483f6d167548b4cfd5a7488c3d5"
  dependencies:
    "@nodelib/fs.stat" "2.0.5"
    run-parallel "^1.1.9"

"@nodelib/fs.stat@2.0.5", "@nodelib/fs.stat@^2.0.2":
  version "2.0.5"
  resolved "https://registry.yarnpkg.com/@nodelib/fs.stat/-/fs.stat-2.0.5.tgz#5bd262af94e9d25bd1e71b05deed44876a222e8b"

"@nodelib/fs.walk@^1.2.3":
  version "1.2.8"
  resolved "https://registry.yarnpkg.com/@nodelib/fs.walk/-/fs.walk-1.2.8.tgz#e95737e8bb6746ddedf69c556953494f196fe69a"
  dependencies:
    "@nodelib/fs.scandir" "2.1.5"
    fastq "^1.6.0"

"@pkgjs/parseargs@^0.11.0":
  version "0.11.0"
  resolved "https://registry.yarnpkg.com/@pkgjs/parseargs/-/parseargs-0.11.0.tgz#a77ea742fab25775145434eb1d2328cf5013ac33"

"@types/jquery@*", "@types/jquery@>=2.0.48", "@types/jquery@~2.0.34":
  version "2.0.53"
  resolved "https://registry.npmjs.org/@types/jquery/-/jquery-2.0.53.tgz"

"@types/jqueryui@>=1.11.34":
  version "1.12.7"
  resolved "https://registry.npmjs.org/@types/jqueryui/-/jqueryui-1.12.7.tgz"
  dependencies:
    "@types/jquery" "*"

"@types/knockout@^3.4.49":
  version "3.4.64"
  resolved "https://registry.npmjs.org/@types/knockout/-/knockout-3.4.64.tgz"

"@types/mousetrap@~1.5.34":
  version "1.5.34"
  resolved "https://registry.npmjs.org/@types/mousetrap/-/mousetrap-1.5.34.tgz"

"@types/q@0.0.32":
  version "0.0.32"
  resolved "https://registry.npmjs.org/@types/q/-/q-0.0.32.tgz"
  integrity "sha1-vShOV8hPEyXacCur/IKlMoGQwMU= sha512-qYi3YV9inU/REEfxwVcGZzbS3KG/Xs90lv0Pr+lDtuVjBPGd1A+eciXzVSaRvLify132BfcvhvEjeVahrUl0Ug=="

"@types/react@^15.6.12":
  version "15.6.22"
  resolved "https://registry.npmjs.org/@types/react/-/react-15.6.22.tgz"

"@types/requirejs@>=2.1.28":
  version "2.1.31"
  resolved "https://registry.npmjs.org/@types/requirejs/-/requirejs-2.1.31.tgz"

abort-controller@^3.0.0:
  version "3.0.0"
  resolved "https://registry.yarnpkg.com/abort-controller/-/abort-controller-3.0.0.tgz#eaf54d53b62bae4138e809ca225c8439a6efb392"
  dependencies:
    event-target-shim "^5.0.0"

ansi-regex@^5.0.1:
  version "5.0.1"
  resolved "https://registry.yarnpkg.com/ansi-regex/-/ansi-regex-5.0.1.tgz#082cb2c89c9fe8659a311a53bd6a4dc5301db304"

ansi-regex@^6.2.2:
  version "6.2.2"
  resolved "https://registry.yarnpkg.com/ansi-regex/-/ansi-regex-6.2.2.tgz#60216eea464d864597ce2832000738a0589650c1"

ansi-styles@^4.0.0:
  version "4.3.0"
  resolved "https://registry.yarnpkg.com/ansi-styles/-/ansi-styles-4.3.0.tgz#edd803628ae71c04c85ae7a0906edad34b648937"
  dependencies:
    color-convert "^2.0.1"

ansi-styles@^6.1.0:
  version "6.2.3"
  resolved "https://registry.yarnpkg.com/ansi-styles/-/ansi-styles-6.2.3.tgz#c044d5dcc521a076413472597a1acb1f103c4041"

app-root-path@1.0.0:
  version "1.0.0"
  resolved "https://registry.npmjs.org/app-root-path/-/app-root-path-1.0.0.tgz"
  integrity "sha1-LHKZF0vGHLhv46SnmOAeSTt9U30= sha512-OKap/l8oElrynRMEbtwubVW5M5G16LKz9Wxo0DYBmce595lao0EbmD4O82j7qo9yukVWMTDriWvgrbt6yPnb9A=="

archiver-utils@^5.0.0, archiver-utils@^5.0.2:
  version "5.0.2"
  resolved "https://registry.yarnpkg.com/archiver-utils/-/archiver-utils-5.0.2.tgz#63bc719d951803efc72cf961a56ef810760dd14d"
  dependencies:
    glob "^10.0.0"
    graceful-fs "^4.2.0"
    is-stream "^2.0.1"
    lazystream "^1.0.0"
    lodash "^4.17.15"
    normalize-path "^3.0.0"
    readable-stream "^4.0.0"

archiver@^7.0.1:
  version "7.0.1"
  resolved "https://registry.yarnpkg.com/archiver/-/archiver-7.0.1.tgz#c9d91c350362040b8927379c7aa69c0655122f61"
  dependencies:
    archiver-utils "^5.0.2"
    async "^3.2.4"
    buffer-crc32 "^1.0.0"
    readable-stream "^4.0.0"
    readdir-glob "^1.1.2"
    tar-stream "^3.0.0"
    zip-stream "^6.0.1"

async@3.2.3:
  version "3.2.3"
  resolved "https://registry.yarnpkg.com/async/-/async-3.2.3.tgz#ac53dafd3f4720ee9e8a160628f18ea91df196c9"

async@^2.6.4:
  version "2.6.4"
  resolved "https://registry.yarnpkg.com/async/-/async-2.6.4.tgz#706b7ff6084664cd7eae713f6f965433b5504221"
  dependencies:
    lodash "^4.17.14"

async@^3.2.4:
  version "3.2.6"
  resolved "https://registry.yarnpkg.com/async/-/async-3.2.6.tgz#1b0728e14929d51b85b449b7f06e27c1145e38ce"

azure-devops-node-api@^14.0.0:
  version "14.1.0"
  resolved "https://registry.yarnpkg.com/azure-devops-node-api/-/azure-devops-node-api-14.1.0.tgz#ec5393de9fa146399deaab6904e41da03edce180"
  dependencies:
    tunnel "0.0.6"
    typed-rest-client "2.1.0"

b4a@^1.6.4:
  version "1.8.0"
  resolved "https://registry.yarnpkg.com/b4a/-/b4a-1.8.0.tgz#1ca3ba0edc9469aaabef5647e769a83d50180b1a"

balanced-match@^1.0.0:
  version "1.0.0"
  resolved "https://registry.npmjs.org/balanced-match/-/balanced-match-1.0.0.tgz"
  integrity "sha1-ibTRmasr7kneFk6gK4nORi1xt2c= sha512-9Y0g0Q8rmSt+H33DfKv7FOc3v+iRI+o1lbzt8jGcIosYW37IIW/2XVYq5NPdmaD5NQ59Nk26Kl/vZbwW9Fr8vg=="

balanced-match@^4.0.2:
  version "4.0.4"
  resolved "https://registry.yarnpkg.com/balanced-match/-/balanced-match-4.0.4.tgz#bfb10662feed8196a2c62e7c68e17720c274179a"

bare-events@^2.5.4, bare-events@^2.7.0:
  version "2.8.2"
  resolved "https://registry.yarnpkg.com/bare-events/-/bare-events-2.8.2.tgz#7b3e10bd8e1fc80daf38bb516921678f566ab89f"

bare-fs@^4.5.5:
  version "4.5.6"
  resolved "https://registry.yarnpkg.com/bare-fs/-/bare-fs-4.5.6.tgz#a799a1b8c1b5dea7bc8ebdb56df8027ddda95a37"
  dependencies:
    bare-events "^2.5.4"
    bare-path "^3.0.0"
    bare-stream "^2.6.4"
    bare-url "^2.2.2"
    fast-fifo "^1.3.2"

bare-os@^3.0.1:
  version "3.8.0"
  resolved "https://registry.yarnpkg.com/bare-os/-/bare-os-3.8.0.tgz#888541d443914e861abed02657a6ef1c50bbf383"

bare-path@^3.0.0:
  version "3.0.0"
  resolved "https://registry.yarnpkg.com/bare-path/-/bare-path-3.0.0.tgz#b59d18130ba52a6af9276db3e96a2e3d3ea52178"
  dependencies:
    bare-os "^3.0.1"

bare-stream@^2.6.4:
  version "2.10.0"
  resolved "https://registry.yarnpkg.com/bare-stream/-/bare-stream-2.10.0.tgz#bd2671247541afa14084a64c30257a2408ad376a"
  dependencies:
    streamx "^2.25.0"
    teex "^1.0.1"

bare-url@^2.2.2:
  version "2.4.0"
  resolved "https://registry.yarnpkg.com/bare-url/-/bare-url-2.4.0.tgz#1546d63057917189cab9b24629e946e1e8f7af31"
  dependencies:
    bare-path "^3.0.0"

base64-js@^1.3.1:
  version "1.5.1"
  resolved "https://registry.yarnpkg.com/base64-js/-/base64-js-1.5.1.tgz#1b1b440160a5bf7ad40b650f095963481903930a"

brace-expansion@^1.1.7:
  version "1.1.12"
  resolved "https://registry.yarnpkg.com/brace-expansion/-/brace-expansion-1.1.12.tgz#ab9b454466e5a8cc3a187beaad580412a9c5b843"
  dependencies:
    balanced-match "^1.0.0"
    concat-map "0.0.1"

brace-expansion@^2.0.1, brace-expansion@^2.0.2:
  version "2.0.2"
  resolved "https://registry.yarnpkg.com/brace-expansion/-/brace-expansion-2.0.2.tgz#54fc53237a613d854c7bd37463aad17df87214e7"
  dependencies:
    balanced-match "^1.0.0"

brace-expansion@^5.0.2:
  version "5.0.4"
  resolved "https://registry.yarnpkg.com/brace-expansion/-/brace-expansion-5.0.4.tgz#614daaecd0a688f660bbbc909a8748c3d80d4336"
  dependencies:
    balanced-match "^4.0.2"

braces@^3.0.3:
  version "3.0.3"
  resolved "https://registry.yarnpkg.com/braces/-/braces-3.0.3.tgz#490332f40919452272d55a8480adc0c441358789"
  dependencies:
    fill-range "^7.1.1"

buffer-crc32@^1.0.0:
  version "1.0.0"
  resolved "https://registry.yarnpkg.com/buffer-crc32/-/buffer-crc32-1.0.0.tgz#a10993b9055081d55304bd9feb4a072de179f405"

buffer@^6.0.3:
  version "6.0.3"
  resolved "https://registry.yarnpkg.com/buffer/-/buffer-6.0.3.tgz#2ace578459cc8fbe2a70aaa8f52ee63b6a74c6c6"
  dependencies:
    base64-js "^1.3.1"
    ieee754 "^1.2.1"

call-bind-apply-helpers@^1.0.1, call-bind-apply-helpers@^1.0.2:
  version "1.0.2"
  resolved "https://registry.yarnpkg.com/call-bind-apply-helpers/-/call-bind-apply-helpers-1.0.2.tgz#4b5428c222be985d79c3d82657479dbe0b59b2d6"
  dependencies:
    es-errors "^1.3.0"
    function-bind "^1.1.2"

call-bound@^1.0.2:
  version "1.0.4"
  resolved "https://registry.yarnpkg.com/call-bound/-/call-bound-1.0.4.tgz#238de935d2a2a692928c538c7ccfa91067fd062a"
  dependencies:
    call-bind-apply-helpers "^1.0.2"
    get-intrinsic "^1.3.0"

clipboardy@^4.0.0:
  version "4.0.0"
  resolved "https://registry.yarnpkg.com/clipboardy/-/clipboardy-4.0.0.tgz#e73ced93a76d19dd379ebf1f297565426dffdca1"
  dependencies:
    execa "^8.0.1"
    is-wsl "^3.1.0"
    is64bit "^2.0.0"

color-convert@^2.0.1:
  version "2.0.1"
  resolved "https://registry.yarnpkg.com/color-convert/-/color-convert-2.0.1.tgz#72d3a68d598c9bdb3af2ad1e84f21d896abd4de3"
  dependencies:
    color-name "~1.1.4"

color-name@~1.1.4:
  version "1.1.4"
  resolved "https://registry.yarnpkg.com/color-name/-/color-name-1.1.4.tgz#c2a09a87acbde69543de6f63fa3995c826c536a2"

colors@1.0.3, colors@1.0.x:
  version "1.0.3"
  resolved "https://registry.npmjs.org/colors/-/colors-1.0.3.tgz"
  integrity "sha1-BDP0TYCWgP3rYO0mDxsMJi6CpAs= sha512-pFGrxThWcWQ2MsAz6RtgeWe4NK2kUE1WfsrvvlctdII745EW9I0yflqhe7++M5LEc7bV2c/9/5zc8sFcpL0Drw=="

colors@~1.3.0:
  version "1.3.3"
  resolved "https://registry.npmjs.org/colors/-/colors-1.3.3.tgz"

compress-commons@^6.0.2:
  version "6.0.2"
  resolved "https://registry.yarnpkg.com/compress-commons/-/compress-commons-6.0.2.tgz#26d31251a66b9d6ba23a84064ecd3a6a71d2609e"
  dependencies:
    crc-32 "^1.2.0"
    crc32-stream "^6.0.0"
    is-stream "^2.0.1"
    normalize-path "^3.0.0"
    readable-stream "^4.0.0"

concat-map@0.0.1:
  version "0.0.1"
  resolved "https://registry.npmjs.org/concat-map/-/concat-map-0.0.1.tgz"
  integrity "sha1-2Klr13/Wjfd5OnMDajug1UBdR3s= sha512-/Srv4dswyQNBfohGpz9o6Yb3Gz3SrUDqBH5rTuhGR7ahtlbYKnVxw2bCFMRljaA7EXHaXZ8wsHdodFvbkhKmqg=="

core-util-is@~1.0.0:
  version "1.0.2"
  resolved "https://registry.npmjs.org/core-util-is/-/core-util-is-1.0.2.tgz"
  integrity "sha1-tf1UIgqivFq1eqtxQMlAdUUDwac= sha512-3lqz5YjWTYnW6dlDa5TLaTCcShfar1e40rmcJVwCBJC6mWlFuj0eCHIElmG1g5kyuJ/GD+8Wn4FFCcz4gJPfaQ=="

crc-32@^1.2.0:
  version "1.2.2"
  resolved "https://registry.yarnpkg.com/crc-32/-/crc-32-1.2.2.tgz#3cad35a934b8bf71f25ca524b6da51fb7eace2ff"

crc32-stream@^6.0.0:
  version "6.0.0"
  resolved "https://registry.yarnpkg.com/crc32-stream/-/crc32-stream-6.0.0.tgz#8529a3868f8b27abb915f6c3617c0fadedbf9430"
  dependencies:
    crc-32 "^1.2.0"
    readable-stream "^4.0.0"

cross-spawn@^7.0.3, cross-spawn@^7.0.6:
  version "7.0.6"
  resolved "https://registry.yarnpkg.com/cross-spawn/-/cross-spawn-7.0.6.tgz#8a58fe78f00dcd70c370451759dfbfaf03e8ee9f"
  dependencies:
    path-key "^3.1.0"
    shebang-command "^2.0.0"
    which "^2.0.1"

cycle@1.0.x:
  version "1.0.3"
  resolved "https://registry.npmjs.org/cycle/-/cycle-1.0.3.tgz"
  integrity "sha1-IegLK+hYD5i0aPN5QwZisEbDStI= sha512-TVF6svNzeQCOpjCqsy0/CSy8VgObG3wXusJ73xW2GbG5rGx7lC8zxDSURicsXI2UsGdi2L0QNRCi745/wUDvsA=="

dateformat@1.0.11:
  version "1.0.11"
  resolved "https://registry.npmjs.org/dateformat/-/dateformat-1.0.11.tgz"
  integrity "sha1-8ny+56ASu/uC6gUVYtOXf2CT27E= sha512-5zcI+Qoul0QgiCcjzsobs9G1c+vHCNaYB2NGa57ZbVnP7bZeKJJgoM/K+I/obaHAmyEL0J8hJafbQ+HFSZnzZA=="
  dependencies:
    get-stdin "*"
    meow "*"

define-properties@^1.1.2:
  version "1.1.3"
  resolved "https://registry.npmjs.org/define-properties/-/define-properties-1.1.3.tgz"
  dependencies:
    object-keys "^1.0.12"

des.js@^1.1.0:
  version "1.1.0"
  resolved "https://registry.yarnpkg.com/des.js/-/des.js-1.1.0.tgz#1d37f5766f3bbff4ee9638e871a8768c173b81da"
  dependencies:
    inherits "^2.0.1"
    minimalistic-assert "^1.0.0"

dunder-proto@^1.0.1:
  version "1.0.1"
  resolved "https://registry.yarnpkg.com/dunder-proto/-/dunder-proto-1.0.1.tgz#d7ae667e1dc83482f8b70fd0f6eefc50da30f58a"
  dependencies:
    call-bind-apply-helpers "^1.0.1"
    es-errors "^1.3.0"
    gopd "^1.2.0"

eastasianwidth@^0.2.0:
  version "0.2.0"
  resolved "https://registry.yarnpkg.com/eastasianwidth/-/eastasianwidth-0.2.0.tgz#696ce2ec0aa0e6ea93a397ffcf24aa7840c827cb"

emoji-regex@^8.0.0:
  version "8.0.0"
  resolved "https://registry.yarnpkg.com/emoji-regex/-/emoji-regex-8.0.0.tgz#e818fd69ce5ccfcb404594f842963bf53164cc37"

emoji-regex@^9.2.2:
  version "9.2.2"
  resolved "https://registry.yarnpkg.com/emoji-regex/-/emoji-regex-9.2.2.tgz#840c8803b0d8047f4ff0cf963176b32d4ef3ed72"

es-abstract@^1.5.1:
  version "1.13.0"
  resolved "https://registry.npmjs.org/es-abstract/-/es-abstract-1.13.0.tgz"
  dependencies:
    es-to-primitive "^1.2.0"
    function-bind "^1.1.1"
    has "^1.0.3"
    is-callable "^1.1.4"
    is-regex "^1.0.4"
    object-keys "^1.0.12"

es-define-property@^1.0.1:
  version "1.0.1"
  resolved "https://registry.yarnpkg.com/es-define-property/-/es-define-property-1.0.1.tgz#983eb2f9a6724e9303f61addf011c72e09e0b0fa"

es-errors@^1.3.0:
  version "1.3.0"
  resolved "https://registry.yarnpkg.com/es-errors/-/es-errors-1.3.0.tgz#05f75a25dab98e4fb1dcd5e1472c0546d5057c8f"

es-object-atoms@^1.0.0, es-object-atoms@^1.1.1:
  version "1.1.1"
  resolved "https://registry.yarnpkg.com/es-object-atoms/-/es-object-atoms-1.1.1.tgz#1c4f2c4837327597ce69d2ca190a7fdd172338c1"
  dependencies:
    es-errors "^1.3.0"

es-to-primitive@^1.2.0:
  version "1.2.0"
  resolved "https://registry.npmjs.org/es-to-primitive/-/es-to-primitive-1.2.0.tgz"
  dependencies:
    is-callable "^1.1.4"
    is-date-object "^1.0.1"
    is-symbol "^1.0.2"

event-target-shim@^5.0.0:
  version "5.0.1"
  resolved "https://registry.yarnpkg.com/event-target-shim/-/event-target-shim-5.0.1.tgz#5d4d3ebdf9583d63a5333ce2deb7480ab2b05789"

events-universal@^1.0.0:
  version "1.0.1"
  resolved "https://registry.yarnpkg.com/events-universal/-/events-universal-1.0.1.tgz#b56a84fd611b6610e0a2d0f09f80fdf931e2dfe6"
  dependencies:
    bare-events "^2.7.0"

events@^3.3.0:
  version "3.3.0"
  resolved "https://registry.yarnpkg.com/events/-/events-3.3.0.tgz#31a95ad0a924e2d2c419a813aeb2c4e878ea7400"

execa@^5.1.1:
  version "5.1.1"
  resolved "https://registry.yarnpkg.com/execa/-/execa-5.1.1.tgz#f80ad9cbf4298f7bd1d4c9555c21e93741c411dd"
  dependencies:
    cross-spawn "^7.0.3"
    get-stream "^6.0.0"
    human-signals "^2.1.0"
    is-stream "^2.0.0"
    merge-stream "^2.0.0"
    npm-run-path "^4.0.1"
    onetime "^5.1.2"
    signal-exit "^3.0.3"
    strip-final-newline "^2.0.0"

execa@^8.0.1:
  version "8.0.1"
  resolved "https://registry.yarnpkg.com/execa/-/execa-8.0.1.tgz#51f6a5943b580f963c3ca9c6321796db8cc39b8c"
  dependencies:
    cross-spawn "^7.0.3"
    get-stream "^8.0.1"
    human-signals "^5.0.0"
    is-stream "^3.0.0"
    merge-stream "^2.0.0"
    npm-run-path "^5.1.0"
    onetime "^6.0.0"
    signal-exit "^4.1.0"
    strip-final-newline "^3.0.0"

eyes@0.1.x:
  version "0.1.8"
  resolved "https://registry.npmjs.org/eyes/-/eyes-0.1.8.tgz"
  integrity "sha1-Ys8SAjTGg3hdkCNIqADvPgzCC8A= sha512-GipyPsXO1anza0AOZdy69Im7hGFCNB7Y/NGjDlZGJ3GJJLtwNSb2vrzYrTYJRrRloVx7pl+bhUaTB8yiccPvFQ=="

fast-fifo@^1.2.0, fast-fifo@^1.3.2:
  version "1.3.2"
  resolved "https://registry.yarnpkg.com/fast-fifo/-/fast-fifo-1.3.2.tgz#286e31de96eb96d38a97899815740ba2a4f3640c"

fast-glob@^3.3.2:
  version "3.3.3"
  resolved "https://registry.yarnpkg.com/fast-glob/-/fast-glob-3.3.3.tgz#d06d585ce8dba90a16b0505c543c3ccfb3aeb818"
  dependencies:
    "@nodelib/fs.stat" "^2.0.2"
    "@nodelib/fs.walk" "^1.2.3"
    glob-parent "^5.1.2"
    merge2 "^1.3.0"
    micromatch "^4.0.8"

fastq@^1.6.0:
  version "1.20.1"
  resolved "https://registry.yarnpkg.com/fastq/-/fastq-1.20.1.tgz#ca750a10dc925bc8b18839fd203e3ef4b3ced675"
  dependencies:
    reusify "^1.0.4"

fill-range@^7.1.1:
  version "7.1.1"
  resolved "https://registry.yarnpkg.com/fill-range/-/fill-range-7.1.1.tgz#44265d3cac07e3ea7dc247516380643754a05292"
  dependencies:
    to-regex-range "^5.0.1"

foreground-child@^3.1.0, foreground-child@^3.3.1:
  version "3.3.1"
  resolved "https://registry.yarnpkg.com/foreground-child/-/foreground-child-3.3.1.tgz#32e8e9ed1b68a3497befb9ac2b6adf92a638576f"
  dependencies:
    cross-spawn "^7.0.6"
    signal-exit "^4.0.1"

fs.realpath@^1.0.0:
  version "1.0.0"
  resolved "https://registry.npmjs.org/fs.realpath/-/fs.realpath-1.0.0.tgz"
  integrity "sha1-FQStJSMVjKpA20onh8sBQRmU6k8= sha512-OO0pH2lK6a0hZnAdau5ItzHPI6pUlvI7jMVnxUQRtw4owF2wk8lOSabtGDCTP4Ggrg2MbGnWO9X8K1t4+fGMDw=="

function-bind@^1.1.1:
  version "1.1.1"
  resolved "https://registry.npmjs.org/function-bind/-/function-bind-1.1.1.tgz"

function-bind@^1.1.2:
  version "1.1.2"
  resolved "https://registry.yarnpkg.com/function-bind/-/function-bind-1.1.2.tgz#2c02d864d97f3ea6c8830c464cbd11ab6eab7a1c"

get-intrinsic@^1.2.5, get-intrinsic@^1.3.0:
  version "1.3.0"
  resolved "https://registry.yarnpkg.com/get-intrinsic/-/get-intrinsic-1.3.0.tgz#743f0e3b6964a93a5491ed1bffaae054d7f98d01"
  dependencies:
    call-bind-apply-helpers "^1.0.2"
    es-define-property "^1.0.1"
    es-errors "^1.3.0"
    es-object-atoms "^1.1.1"
    function-bind "^1.1.2"
    get-proto "^1.0.1"
    gopd "^1.2.0"
    has-symbols "^1.1.0"
    hasown "^2.0.2"
    math-intrinsics "^1.1.0"

get-proto@^1.0.1:
  version "1.0.1"
  resolved "https://registry.yarnpkg.com/get-proto/-/get-proto-1.0.1.tgz#150b3f2743869ef3e851ec0c49d15b1d14d00ee1"
  dependencies:
    dunder-proto "^1.0.1"
    es-object-atoms "^1.0.0"

get-stdin@*:
  version "6.0.0"
  resolved "https://registry.npmjs.org/get-stdin/-/get-stdin-6.0.0.tgz"

get-stream@^6.0.0:
  version "6.0.1"
  resolved "https://registry.yarnpkg.com/get-stream/-/get-stream-6.0.1.tgz#a262d8eef67aced57c2852ad6167526a43cbf7b7"

get-stream@^8.0.1:
  version "8.0.1"
  resolved "https://registry.yarnpkg.com/get-stream/-/get-stream-8.0.1.tgz#def9dfd71742cd7754a7761ed43749a27d02eca2"

glob-parent@^5.1.2:
  version "5.1.2"
  resolved "https://registry.yarnpkg.com/glob-parent/-/glob-parent-5.1.2.tgz#869832c58034fe68a4093c17dc15e8340d8401c4"
  dependencies:
    is-glob "^4.0.1"

glob@^10.0.0:
  version "10.5.0"
  resolved "https://registry.yarnpkg.com/glob/-/glob-10.5.0.tgz#8ec0355919cd3338c28428a23d4f24ecc5fe738c"
  dependencies:
    foreground-child "^3.1.0"
    jackspeak "^3.1.2"
    minimatch "^9.0.4"
    minipass "^7.1.2"
    package-json-from-dist "^1.0.0"
    path-scurry "^1.11.1"

glob@^11.1.0:
  version "11.1.0"
  resolved "https://registry.yarnpkg.com/glob/-/glob-11.1.0.tgz#4f826576e4eb99c7dad383793d2f9f08f67e50a6"
  dependencies:
    foreground-child "^3.3.1"
    jackspeak "^4.1.1"
    minimatch "^10.1.1"
    minipass "^7.1.2"
    package-json-from-dist "^1.0.0"
    path-scurry "^2.0.0"

glob@^7.1.3:
  version "7.1.3"
  resolved "https://registry.npmjs.org/glob/-/glob-7.1.3.tgz"
  dependencies:
    fs.realpath "^1.0.0"
    inflight "^1.0.4"
    inherits "2"
    minimatch "^3.0.4"
    once "^1.3.0"
    path-is-absolute "^1.0.0"

gopd@^1.2.0:
  version "1.2.0"
  resolved "https://registry.yarnpkg.com/gopd/-/gopd-1.2.0.tgz#89f56b8217bdbc8802bd299df6d7f1081d7e51a1"

graceful-fs@^4.2.0:
  version "4.2.11"
  resolved "https://registry.yarnpkg.com/graceful-fs/-/graceful-fs-4.2.11.tgz#4183e4e8bf08bb6e05bbb2f7d2e0c8f712ca40e3"

has-symbols@^1.0.0:
  version "1.0.0"
  resolved "https://registry.npmjs.org/has-symbols/-/has-symbols-1.0.0.tgz"
  integrity "sha1-uhqPGvKg/DllD1yFA2dwQSIGO0Q= sha512-QfcgWpH8qn5qhNMg3wfXf2FD/rSA4TwNiDDthKqXe7v6oBW0YKWcnfwMAApgWq9Lh+Yu+fQWVhHPohlD/S6uoQ=="

has-symbols@^1.1.0:
  version "1.1.0"
  resolved "https://registry.yarnpkg.com/has-symbols/-/has-symbols-1.1.0.tgz#fc9c6a783a084951d0b971fe1018de813707a338"

has@^1.0.1, has@^1.0.3:
  version "1.0.3"
  resolved "https://registry.npmjs.org/has/-/has-1.0.3.tgz"
  dependencies:
    function-bind "^1.1.1"

hasown@^2.0.2:
  version "2.0.2"
  resolved "https://registry.yarnpkg.com/hasown/-/hasown-2.0.2.tgz#003eaf91be7adc372e84ec59dc37252cedb80003"
  dependencies:
    function-bind "^1.1.2"

human-signals@^2.1.0:
  version "2.1.0"
  resolved "https://registry.yarnpkg.com/human-signals/-/human-signals-2.1.0.tgz#dc91fcba42e4d06e4abaed33b3e7a3c02f514ea0"

human-signals@^5.0.0:
  version "5.0.0"
  resolved "https://registry.yarnpkg.com/human-signals/-/human-signals-5.0.0.tgz#42665a284f9ae0dade3ba41ebc37eb4b852f3a28"

ieee754@^1.2.1:
  version "1.2.1"
  resolved "https://registry.yarnpkg.com/ieee754/-/ieee754-1.2.1.tgz#8eb7a10a63fff25d15a57b001586d177d1b0d352"

immediate@~3.0.5:
  version "3.0.6"
  resolved "https://registry.npmjs.org/immediate/-/immediate-3.0.6.tgz"
  integrity "sha1-nbHb0Pr43m++D13V5Wu2BigN5ps= sha512-XXOFtyqDjNDAQxVfYxuF7g9Il/IbWmmlQg2MYKOH8ExIT1qg6xc4zyS3HaEEATgs1btfzxq15ciUiY7gjSXRGQ=="

inflight@^1.0.4:
  version "1.0.6"
  resolved "https://registry.npmjs.org/inflight/-/inflight-1.0.6.tgz"
  integrity "sha1-Sb1jMdfQLQwJvJEKEHW6gWW1bfk= sha512-k92I/b08q4wvFscXCLvqfsHCrjrF7yiXsQuIVvVE7N82W3+aqpzuUdBbfhWcy/FZR3/4IgflMgKLOsvPDrGCJA=="
  dependencies:
    once "^1.3.0"
    wrappy "1"

inherits@2, inherits@~2.0.3:
  version "2.0.3"
  resolved "https://registry.npmjs.org/inherits/-/inherits-2.0.3.tgz"
  integrity "sha1-Yzwsg+PaQqUC9SRmAiSA9CCCYd4= sha512-x00IRNXNy63jwGkJmzPigoySHbaqpNuzKbBOmzK+g2OdZpQ9w+sxCN+VSB3ja7IAge2OP2qpfxTjeNcyjmW1uw=="

inherits@^2.0.1:
  version "2.0.4"
  resolved "https://registry.yarnpkg.com/inherits/-/inherits-2.0.4.tgz#0fa2c64f932917c3433a0ded55363aae37416b7c"

is-callable@^1.1.4:
  version "1.1.4"
  resolved "https://registry.npmjs.org/is-callable/-/is-callable-1.1.4.tgz"

is-date-object@^1.0.1:
  version "1.0.1"
  resolved "https://registry.npmjs.org/is-date-object/-/is-date-object-1.0.1.tgz"
  integrity "sha1-mqIOtq7rv/d/vTPnTKAbM1gdOhY= sha512-P5rExV1phPi42ppoMWy7V63N3i173RY921l4JJ7zonMSxK+OWGPj76GD+cUKUb68l4vQXcJp2SsG+r/A4ABVzg=="

is-docker@^3.0.0:
  version "3.0.0"
  resolved "https://registry.yarnpkg.com/is-docker/-/is-docker-3.0.0.tgz#90093aa3106277d8a77a5910dbae71747e15a200"

is-extglob@^2.1.1:
  version "2.1.1"
  resolved "https://registry.yarnpkg.com/is-extglob/-/is-extglob-2.1.1.tgz#a88c02535791f02ed37c76a1b9ea9773c833f8c2"

is-fullwidth-code-point@^3.0.0:
  version "3.0.0"
  resolved "https://registry.yarnpkg.com/is-fullwidth-code-point/-/is-fullwidth-code-point-3.0.0.tgz#f116f8064fe90b3f7844a38997c0b75051269f1d"

is-glob@^4.0.1:
  version "4.0.3"
  resolved "https://registry.yarnpkg.com/is-glob/-/is-glob-4.0.3.tgz#64f61e42cbbb2eec2071a9dac0b28ba1e65d5084"
  dependencies:
    is-extglob "^2.1.1"

is-inside-container@^1.0.0:
  version "1.0.0"
  resolved "https://registry.yarnpkg.com/is-inside-container/-/is-inside-container-1.0.0.tgz#e81fba699662eb31dbdaf26766a61d4814717ea4"
  dependencies:
    is-docker "^3.0.0"

is-number@^7.0.0:
  version "7.0.0"
  resolved "https://registry.yarnpkg.com/is-number/-/is-number-7.0.0.tgz#7535345b896734d5f80c4d06c50955527a14f12b"

is-regex@^1.0.4:
  version "1.0.4"
  resolved "https://registry.npmjs.org/is-regex/-/is-regex-1.0.4.tgz"
  integrity "sha1-VRdIm1RwkbCTDglWVM7SXul+lJE= sha512-WQgPrEkb1mPCWLSlLFuN1VziADSixANugwSkJfPRR73FNWIQQN+tR/t1zWfyES/Y9oag/XBtVsahFdfBku3Kyw=="
  dependencies:
    has "^1.0.1"

is-stream@^2.0.0, is-stream@^2.0.1:
  version "2.0.1"
  resolved "https://registry.yarnpkg.com/is-stream/-/is-stream-2.0.1.tgz#fac1e3d53b97ad5a9d0ae9cef2389f5810a5c077"

is-stream@^3.0.0:
  version "3.0.0"
  resolved "https://registry.yarnpkg.com/is-stream/-/is-stream-3.0.0.tgz#e6bfd7aa6bef69f4f472ce9bb681e3e57b4319ac"

is-symbol@^1.0.2:
  version "1.0.2"
  resolved "https://registry.npmjs.org/is-symbol/-/is-symbol-1.0.2.tgz"
  dependencies:
    has-symbols "^1.0.0"

is-wsl@^3.1.0:
  version "3.1.1"
  resolved "https://registry.yarnpkg.com/is-wsl/-/is-wsl-3.1.1.tgz#327897b26832a3eb117da6c27492d04ca132594f"
  dependencies:
    is-inside-container "^1.0.0"

is64bit@^2.0.0:
  version "2.0.0"
  resolved "https://registry.yarnpkg.com/is64bit/-/is64bit-2.0.0.tgz#198c627cbcb198bbec402251f88e5e1a51236c07"
  dependencies:
    system-architecture "^0.1.0"

isarray@~1.0.0:
  version "1.0.0"
  resolved "https://registry.npmjs.org/isarray/-/isarray-1.0.0.tgz"
  integrity "sha1-u5NdSFgsuhaMBoNJV6VKPgcSTxE= sha512-VLghIWNM6ELQzo7zwmcg0NmTVyWKYjvIeM83yjp0wRDTmUnrM678fQbcKBo6n2CJEF0szoG//ytg+TKla89ALQ=="

isexe@^2.0.0:
  version "2.0.0"
  resolved "https://registry.npmjs.org/isexe/-/isexe-2.0.0.tgz"
  integrity "sha1-6PvzdNxVb/iUehDcsFctYz8s+hA= sha512-RHxMLp9lnKHGHRng9QFhRCMbYAcVpn69smSGcq3f36xjgVVWThj4qqLbTLlq7Ssj8B+fIQ1EuCEGI2lKsyQeIw=="

isstream@0.1.x:
  version "0.1.2"
  resolved "https://registry.npmjs.org/isstream/-/isstream-0.1.2.tgz"
  integrity "sha1-R+Y/evVa+m+S4VAOaQ64uFKcCZo= sha512-Yljz7ffyPbrLpLngrMtZ7NduUgVvi6wG9RJ9IUcyCd59YQ911PBJphODUcbOVbqYfxe1wuYf/LJ8PauMRwsM/g=="

jackspeak@^3.1.2:
  version "3.4.3"
  resolved "https://registry.yarnpkg.com/jackspeak/-/jackspeak-3.4.3.tgz#8833a9d89ab4acde6188942bd1c53b6390ed5a8a"
  dependencies:
    "@isaacs/cliui" "^8.0.2"
  optionalDependencies:
    "@pkgjs/parseargs" "^0.11.0"

jackspeak@^4.1.1:
  version "4.2.3"
  resolved "https://registry.yarnpkg.com/jackspeak/-/jackspeak-4.2.3.tgz#27ef80f33b93412037c3bea4f8eddf80e1931483"
  dependencies:
    "@isaacs/cliui" "^9.0.0"

jju@^1.4.0:
  version "1.4.0"
  resolved "https://registry.yarnpkg.com/jju/-/jju-1.4.0.tgz#a3abe2718af241a2b2904f84a625970f389ae32a"

js-md4@^0.3.2:
  version "0.3.2"
  resolved "https://registry.yarnpkg.com/js-md4/-/js-md4-0.3.2.tgz#cd3b3dc045b0c404556c81ddb5756c23e59d7cf5"

json-in-place@^1.0.1:
  version "1.0.1"
  resolved "https://registry.npmjs.org/json-in-place/-/json-in-place-1.0.1.tgz"
  integrity "sha1-ih7NJaac4ZAFUs1xUr2TdU3k4fA= sha512-XDFWT1iOlZErTFU0GGRju9g/uzY8BVFVsGsbgiE71Fg2+3c0lK4X4GSRB8PQ527hVkAJ2Z5Qv2sa7Re9iFNYKw=="
  dependencies:
    json-lexer "1.1.1"

json-lexer@1.1.1:
  version "1.1.1"
  resolved "https://registry.npmjs.org/json-lexer/-/json-lexer-1.1.1.tgz"
  integrity "sha1-vT7V1+Vgudma0iNPKMpwb7N3t9Q= sha512-kdpvcH1gqYXQEAVFxVwIWZKihrS0o9SjbwW2v8+0p6HA/YSMk5c4BkXdMiz/kDz2QW0XlOSkFKrJsC9KL0Mb5g=="

jszip@^3.10.1:
  version "3.10.1"
  resolved "https://registry.yarnpkg.com/jszip/-/jszip-3.10.1.tgz#34aee70eb18ea1faec2f589208a157d1feb091c2"
  dependencies:
    lie "~3.3.0"
    pako "~1.0.2"
    readable-stream "~2.3.6"
    setimmediate "^1.0.5"

lazystream@^1.0.0:
  version "1.0.0"
  resolved "https://registry.npmjs.org/lazystream/-/lazystream-1.0.0.tgz"
  integrity "sha1-9plf4PggOS9hOWvolGJAe7dxaOQ= sha512-/330KFbmC/zKdtZoVDRwvkJ8snrJyBPfoZ39zsJl2O24HOE1CTNiEbeZmHXmjBVxTSSv7JlJEXPYhU83DhA2yg=="
  dependencies:
    readable-stream "^2.0.5"

lie@~3.3.0:
  version "3.3.0"
  resolved "https://registry.yarnpkg.com/lie/-/lie-3.3.0.tgz#dcf82dee545f46074daf200c7c1c5a08e0f40f6a"
  dependencies:
    immediate "~3.0.5"

lodash@^4.17.14, lodash@^4.17.15, lodash@^4.17.21:
  version "4.17.23"
  resolved "https://registry.yarnpkg.com/lodash/-/lodash-4.17.23.tgz#f113b0378386103be4f6893388c73d0bde7f2c5a"

lru-cache@^10.2.0:
  version "10.4.3"
  resolved "https://registry.yarnpkg.com/lru-cache/-/lru-cache-10.4.3.tgz#410fc8a17b70e598013df257c2446b7f3383f119"

lru-cache@^11.0.0:
  version "11.2.7"
  resolved "https://registry.yarnpkg.com/lru-cache/-/lru-cache-11.2.7.tgz#9127402617f34cd6767b96daee98c28e74458d35"

math-intrinsics@^1.1.0:
  version "1.1.0"
  resolved "https://registry.yarnpkg.com/math-intrinsics/-/math-intrinsics-1.1.0.tgz#a0dd74be81e2aa5c2f27e65ce283605ee4e2b7f9"

meow@*:
  version "14.1.0"
  resolved "https://registry.yarnpkg.com/meow/-/meow-14.1.0.tgz#3cd2d16ad534829ab12fcb5010fc2fdb89facd31"

merge-stream@^2.0.0:
  version "2.0.0"
  resolved "https://registry.yarnpkg.com/merge-stream/-/merge-stream-2.0.0.tgz#52823629a14dd00c9770fb6ad47dc6310f2c1f60"

merge2@^1.3.0:
  version "1.4.1"
  resolved "https://registry.yarnpkg.com/merge2/-/merge2-1.4.1.tgz#4368892f885e907455a6fd7dc55c0c9d404990ae"

micromatch@^4.0.8:
  version "4.0.8"
  resolved "https://registry.yarnpkg.com/micromatch/-/micromatch-4.0.8.tgz#d66fa18f3a47076789320b9b1af32bd86d9fa202"
  dependencies:
    braces "^3.0.3"
    picomatch "^2.3.1"

mimic-fn@^2.1.0:
  version "2.1.0"
  resolved "https://registry.yarnpkg.com/mimic-fn/-/mimic-fn-2.1.0.tgz#7ed2c2ccccaf84d3ffcb7a69b57711fc2083401b"

mimic-fn@^4.0.0:
  version "4.0.0"
  resolved "https://registry.yarnpkg.com/mimic-fn/-/mimic-fn-4.0.0.tgz#60a90550d5cb0b239cca65d893b1a53b29871ecc"

minimalistic-assert@^1.0.0:
  version "1.0.1"
  resolved "https://registry.yarnpkg.com/minimalistic-assert/-/minimalistic-assert-1.0.1.tgz#2e194de044626d4a10e7f7fbc00ce73e83e4d5c7"

minimatch@^10.1.1:
  version "10.2.4"
  resolved "https://registry.yarnpkg.com/minimatch/-/minimatch-10.2.4.tgz#465b3accbd0218b8281f5301e27cedc697f96fde"
  dependencies:
    brace-expansion "^5.0.2"

minimatch@^3.0.4:
  version "3.1.5"
  resolved "https://registry.yarnpkg.com/minimatch/-/minimatch-3.1.5.tgz#580c88f8d5445f2bd6aa8f3cadefa0de79fbd69e"
  dependencies:
    brace-expansion "^1.1.7"

minimatch@^5.1.0:
  version "5.1.9"
  resolved "https://registry.yarnpkg.com/minimatch/-/minimatch-5.1.9.tgz#1293ef15db0098b394540e8f9f744f9fda8dee4b"
  dependencies:
    brace-expansion "^2.0.1"

minimatch@^9.0.4:
  version "9.0.9"
  resolved "https://registry.yarnpkg.com/minimatch/-/minimatch-9.0.9.tgz#9b0cb9fcb78087f6fd7eababe2511c4d3d60574e"
  dependencies:
    brace-expansion "^2.0.2"

minimist@^1.2.6:
  version "1.2.8"
  resolved "https://registry.yarnpkg.com/minimist/-/minimist-1.2.8.tgz#c1a464e7693302e082a075cee0c057741ac4772c"

"minipass@^5.0.0 || ^6.0.2 || ^7.0.0", minipass@^7.1.2:
  version "7.1.3"
  resolved "https://registry.yarnpkg.com/minipass/-/minipass-7.1.3.tgz#79389b4eb1bb2d003a9bba87d492f2bd37bdc65b"

mkdirp@^1.0.4:
  version "1.0.4"
  resolved "https://registry.yarnpkg.com/mkdirp/-/mkdirp-1.0.4.tgz#3eb5ed62622756d79a5f0e2a221dfebad75c2f7e"

mustache@^3.0.1:
  version "3.0.1"
  resolved "https://registry.npmjs.org/mustache/-/mustache-3.0.1.tgz"

mute-stream@~0.0.4:
  version "0.0.8"
  resolved "https://registry.npmjs.org/mute-stream/-/mute-stream-0.0.8.tgz"

ncp@^2.0.0:
  version "2.0.0"
  resolved "https://registry.npmjs.org/ncp/-/ncp-2.0.0.tgz"
  integrity "sha1-GVoh1sRuNh0vsSgbo4uR6d9727M= sha512-zIdGUrPRFTUELUvr3Gmc7KZ2Sw/h1PiVM0Af/oHB6zgnV1ikqSfRk+TOufi79aHYCW3NiOXmr1BP5nWbzojLaA=="

normalize-path@^3.0.0:
  version "3.0.0"
  resolved "https://registry.yarnpkg.com/normalize-path/-/normalize-path-3.0.0.tgz#0dcd69ff23a1c9b11fd0978316644a0388216a65"

npm-run-path@^4.0.1:
  version "4.0.1"
  resolved "https://registry.yarnpkg.com/npm-run-path/-/npm-run-path-4.0.1.tgz#b7ecd1e5ed53da8e37a55e1c2269e0b97ed748ea"
  dependencies:
    path-key "^3.0.0"

npm-run-path@^5.1.0:
  version "5.3.0"
  resolved "https://registry.yarnpkg.com/npm-run-path/-/npm-run-path-5.3.0.tgz#e23353d0ebb9317f174e93417e4a4d82d0249e9f"
  dependencies:
    path-key "^4.0.0"

object-inspect@^1.13.3:
  version "1.13.4"
  resolved "https://registry.yarnpkg.com/object-inspect/-/object-inspect-1.13.4.tgz#8375265e21bc20d0fa582c22e1b13485d6e00213"

object-keys@^1.0.12:
  version "1.1.0"
  resolved "https://registry.npmjs.org/object-keys/-/object-keys-1.1.0.tgz"

object.getownpropertydescriptors@^2.0.3:
  version "2.0.3"
  resolved "https://registry.npmjs.org/object.getownpropertydescriptors/-/object.getownpropertydescriptors-2.0.3.tgz"
  integrity "sha1-h1jIRvW0B62rDyNuCYbxSwUcqhY= sha512-NwrpYtu1CSNWdNgcEvLmHOHjhMeglj22YJpg/ezASfIFYqNK4F94iUxKRPnRNbOuOMoQb5JS+6Ebi16xtYZbqQ=="
  dependencies:
    define-properties "^1.1.2"
    es-abstract "^1.5.1"

once@^1.3.0:
  version "1.4.0"
  resolved "https://registry.npmjs.org/once/-/once-1.4.0.tgz"
  integrity "sha1-WDsap3WWHUsROsF9nFC6753Xa9E= sha512-lNaJgI+2Q5URQBkccEKHTQOPaXdUxnZZElQTZY0MFUAuaEqe1E+Nyvgdz/aIyNi6Z9MzO5dv1H8n58/GELp3+w=="
  dependencies:
    wrappy "1"

onecolor@^2.5.0:
  version "2.5.0"
  resolved "https://registry.npmjs.org/onecolor/-/onecolor-2.5.0.tgz"
  integrity "sha1-Ila2UdyAfBAfAK7b1JklxXpEMcE= sha512-OdUvcyPnJ+o35vXb6RIY3fxJITm+EGcfFECanoOKnISTFG+Pl/I1n5TcbxH+KHC310+RopEG4Cccz+naDWAD2A=="

onetime@^5.1.2:
  version "5.1.2"
  resolved "https://registry.yarnpkg.com/onetime/-/onetime-5.1.2.tgz#d0e96ebb56b07476df1dd9c4806e5237985ca45e"
  dependencies:
    mimic-fn "^2.1.0"

onetime@^6.0.0:
  version "6.0.0"
  resolved "https://registry.yarnpkg.com/onetime/-/onetime-6.0.0.tgz#7c24c18ed1fd2e9bca4bd26806a33613c77d34b4"
  dependencies:
    mimic-fn "^4.0.0"

os-homedir@^1.0.1:
  version "1.0.2"
  resolved "https://registry.npmjs.org/os-homedir/-/os-homedir-1.0.2.tgz"
  integrity "sha1-/7xJiDNuDoM94MFox+8VISGqf7M= sha512-B5JU3cabzk8c67mRRd3ECmROafjYMXbuzlwtqdM8IbS8ktlTix8aFGb2bAGKrSRIlnfKwovGUUr72JUPyOb6kQ=="

package-json-from-dist@^1.0.0:
  version "1.0.1"
  resolved "https://registry.yarnpkg.com/package-json-from-dist/-/package-json-from-dist-1.0.1.tgz#4f1471a010827a86f94cfd9b0727e36d267de505"

pako@~1.0.2:
  version "1.0.10"
  resolved "https://registry.npmjs.org/pako/-/pako-1.0.10.tgz"

path-is-absolute@^1.0.0:
  version "1.0.1"
  resolved "https://registry.npmjs.org/path-is-absolute/-/path-is-absolute-1.0.1.tgz"
  integrity "sha1-F0uSaHNVNP+8es5r9TpanhtcX18= sha512-AVbw3UJ2e9bq64vSaS9Am0fje1Pa8pbGqTTsmXfaIiMpnr5DlDhfJOuLj9Sf95ZPVDAUerDfEk88MPmPe7UCQg=="

path-key@^3.0.0, path-key@^3.1.0:
  version "3.1.1"
  resolved "https://registry.yarnpkg.com/path-key/-/path-key-3.1.1.tgz#581f6ade658cbba65a0d3380de7753295054f375"

path-key@^4.0.0:
  version "4.0.0"
  resolved "https://registry.yarnpkg.com/path-key/-/path-key-4.0.0.tgz#295588dc3aee64154f877adb9d780b81c554bf18"

path-scurry@^1.11.1:
  version "1.11.1"
  resolved "https://registry.yarnpkg.com/path-scurry/-/path-scurry-1.11.1.tgz#7960a668888594a0720b12a911d1a742ab9f11d2"
  dependencies:
    lru-cache "^10.2.0"
    minipass "^5.0.0 || ^6.0.2 || ^7.0.0"

path-scurry@^2.0.0:
  version "2.0.2"
  resolved "https://registry.yarnpkg.com/path-scurry/-/path-scurry-2.0.2.tgz#6be0d0ee02a10d9e0de7a98bae65e182c9061f85"
  dependencies:
    lru-cache "^11.0.0"
    minipass "^7.1.2"

picomatch@^2.3.1:
  version "2.3.1"
  resolved "https://registry.yarnpkg.com/picomatch/-/picomatch-2.3.1.tgz#3ba3833733646d9d3e4995946c1365a67fb07a42"

process-nextick-args@~2.0.0:
  version "2.0.0"
  resolved "https://registry.npmjs.org/process-nextick-args/-/process-nextick-args-2.0.0.tgz"

process@^0.11.10:
  version "0.11.10"
  resolved "https://registry.yarnpkg.com/process/-/process-0.11.10.tgz#7332300e840161bda3e69a1d1d91a7d4bc16f182"

prompt@^1.3.0:
  version "1.3.0"
  resolved "https://registry.yarnpkg.com/prompt/-/prompt-1.3.0.tgz#b1f6d47cb1b6beed4f0660b470f5d3ec157ad7ce"
  dependencies:
    "@colors/colors" "1.5.0"
    async "3.2.3"
    read "1.0.x"
    revalidator "0.1.x"
    winston "2.x"

qs@^6.10.3:
  version "6.15.0"
  resolved "https://registry.yarnpkg.com/qs/-/qs-6.15.0.tgz#db8fd5d1b1d2d6b5b33adaf87429805f1909e7b3"
  dependencies:
    side-channel "^1.1.0"

queue-microtask@^1.2.2:
  version "1.2.3"
  resolved "https://registry.yarnpkg.com/queue-microtask/-/queue-microtask-1.2.3.tgz#4929228bbc724dfac43e0efb058caf7b6cfb6243"

read@1.0.x, read@^1.0.6:
  version "1.0.7"
  resolved "https://registry.npmjs.org/read/-/read-1.0.7.tgz"
  integrity "sha1-s9oZvQUkMal2cdRKQmNK33ELQMQ= sha512-rSOKNYUmaxy0om1BNjMN4ezNT6VKK+2xF4GBhc81mkH7L60i6dp8qPYrkndNLT3QPphoII3maL9PVC9XmhHwVQ=="
  dependencies:
    mute-stream "~0.0.4"

readable-stream@^2.0.5:
  version "2.3.6"
  resolved "https://registry.npmjs.org/readable-stream/-/readable-stream-2.3.6.tgz"
  dependencies:
    core-util-is "~1.0.0"
    inherits "~2.0.3"
    isarray "~1.0.0"
    process-nextick-args "~2.0.0"
    safe-buffer "~5.1.1"
    string_decoder "~1.1.1"
    util-deprecate "~1.0.1"

readable-stream@^4.0.0:
  version "4.7.0"
  resolved "https://registry.yarnpkg.com/readable-stream/-/readable-stream-4.7.0.tgz#cedbd8a1146c13dfff8dab14068028d58c15ac91"
  dependencies:
    abort-controller "^3.0.0"
    buffer "^6.0.3"
    events "^3.3.0"
    process "^0.11.10"
    string_decoder "^1.3.0"

readable-stream@~2.3.6:
  version "2.3.8"
  resolved "https://registry.yarnpkg.com/readable-stream/-/readable-stream-2.3.8.tgz#91125e8042bba1b9887f49345f6277027ce8be9b"
  dependencies:
    core-util-is "~1.0.0"
    inherits "~2.0.3"
    isarray "~1.0.0"
    process-nextick-args "~2.0.0"
    safe-buffer "~5.1.1"
    string_decoder "~1.1.1"
    util-deprecate "~1.0.1"

readdir-glob@^1.1.2:
  version "1.1.3"
  resolved "https://registry.yarnpkg.com/readdir-glob/-/readdir-glob-1.1.3.tgz#c3d831f51f5e7bfa62fa2ffbe4b508c640f09584"
  dependencies:
    minimatch "^5.1.0"

reusify@^1.0.4:
  version "1.1.0"
  resolved "https://registry.yarnpkg.com/reusify/-/reusify-1.1.0.tgz#0fe13b9522e1473f51b558ee796e08f11f9b489f"

revalidator@0.1.x:
  version "0.1.8"
  resolved "https://registry.npmjs.org/revalidator/-/revalidator-0.1.8.tgz"
  integrity "sha1-/s5hv6DBtSoga9axgZgYS91SOjs= sha512-xcBILK2pA9oh4SiinPEZfhP8HfrB/ha+a2fTMyl7Om2WjlDVrOQy99N2MXXlUHqGJz4qEu2duXxHJjDWuK/0xg=="

rimraf@^2.5.4:
  version "2.6.3"
  resolved "https://registry.npmjs.org/rimraf/-/rimraf-2.6.3.tgz"
  dependencies:
    glob "^7.1.3"

run-parallel@^1.1.9:
  version "1.2.0"
  resolved "https://registry.yarnpkg.com/run-parallel/-/run-parallel-1.2.0.tgz#66d1368da7bdf921eb9d95bd1a9229e7f21a43ee"
  dependencies:
    queue-microtask "^1.2.2"

safe-buffer@~5.1.0, safe-buffer@~5.1.1:
  version "5.1.2"
  resolved "https://registry.npmjs.org/safe-buffer/-/safe-buffer-5.1.2.tgz"

safe-buffer@~5.2.0:
  version "5.2.1"
  resolved "https://registry.yarnpkg.com/safe-buffer/-/safe-buffer-5.2.1.tgz#1eaf9fa9bdb1fdd4ec75f58f9cdb4e6b7827eec6"

sax@>=0.6.0:
  version "1.2.4"
  resolved "https://registry.npmjs.org/sax/-/sax-1.2.4.tgz"

setimmediate@^1.0.5:
  version "1.0.5"
  resolved "https://registry.yarnpkg.com/setimmediate/-/setimmediate-1.0.5.tgz#290cbb232e306942d7d7ea9b83732ab7856f8285"

shebang-command@^2.0.0:
  version "2.0.0"
  resolved "https://registry.yarnpkg.com/shebang-command/-/shebang-command-2.0.0.tgz#ccd0af4f8835fbdc265b82461aaf0c36663f34ea"
  dependencies:
    shebang-regex "^3.0.0"

shebang-regex@^3.0.0:
  version "3.0.0"
  resolved "https://registry.yarnpkg.com/shebang-regex/-/shebang-regex-3.0.0.tgz#ae16f1644d873ecad843b0307b143362d4c42172"

shelljs@^0.10.0:
  version "0.10.0"
  resolved "https://registry.yarnpkg.com/shelljs/-/shelljs-0.10.0.tgz#e3bbae99b0f3f0cc5dce05b46a346fae2090e883"
  dependencies:
    execa "^5.1.1"
    fast-glob "^3.3.2"

side-channel-list@^1.0.0:
  version "1.0.0"
  resolved "https://registry.yarnpkg.com/side-channel-list/-/side-channel-list-1.0.0.tgz#10cb5984263115d3b7a0e336591e290a830af8ad"
  dependencies:
    es-errors "^1.3.0"
    object-inspect "^1.13.3"

side-channel-map@^1.0.1:
  version "1.0.1"
  resolved "https://registry.yarnpkg.com/side-channel-map/-/side-channel-map-1.0.1.tgz#d6bb6b37902c6fef5174e5f533fab4c732a26f42"
  dependencies:
    call-bound "^1.0.2"
    es-errors "^1.3.0"
    get-intrinsic "^1.2.5"
    object-inspect "^1.13.3"

side-channel-weakmap@^1.0.2:
  version "1.0.2"
  resolved "https://registry.yarnpkg.com/side-channel-weakmap/-/side-channel-weakmap-1.0.2.tgz#11dda19d5368e40ce9ec2bdc1fb0ecbc0790ecea"
  dependencies:
    call-bound "^1.0.2"
    es-errors "^1.3.0"
    get-intrinsic "^1.2.5"
    object-inspect "^1.13.3"
    side-channel-map "^1.0.1"

side-channel@^1.1.0:
  version "1.1.0"
  resolved "https://registry.yarnpkg.com/side-channel/-/side-channel-1.1.0.tgz#c3fcff9c4da932784873335ec9765fa94ff66bc9"
  dependencies:
    es-errors "^1.3.0"
    object-inspect "^1.13.3"
    side-channel-list "^1.0.0"
    side-channel-map "^1.0.1"
    side-channel-weakmap "^1.0.2"

signal-exit@^3.0.3:
  version "3.0.7"
  resolved "https://registry.yarnpkg.com/signal-exit/-/signal-exit-3.0.7.tgz#a9a1767f8af84155114eaabd73f99273c8f59ad9"

signal-exit@^4.0.1, signal-exit@^4.1.0:
  version "4.1.0"
  resolved "https://registry.yarnpkg.com/signal-exit/-/signal-exit-4.1.0.tgz#952188c1cbd546070e2dd20d0f41c0ae0530cb04"

stack-trace@0.0.x:
  version "0.0.10"
  resolved "https://registry.npmjs.org/stack-trace/-/stack-trace-0.0.10.tgz"
  integrity "sha1-VHxws0fo0ytOEI6hoqFZ5f3eGcA= sha512-KGzahc7puUKkzyMt+IqAep+TVNbKP+k2Lmwhub39m1AsTSkaDutx56aDCo+HLDzf/D26BIHTJWNiTG1KAJiQCg=="

streamx@^2.12.5, streamx@^2.15.0, streamx@^2.25.0:
  version "2.25.0"
  resolved "https://registry.yarnpkg.com/streamx/-/streamx-2.25.0.tgz#cc967e99390fda8b918b1eeaf3bc437637c8c7af"
  dependencies:
    events-universal "^1.0.0"
    fast-fifo "^1.3.2"
    text-decoder "^1.1.0"

"string-width-cjs@npm:string-width@^4.2.0":
  version "4.2.3"
  resolved "https://registry.yarnpkg.com/string-width/-/string-width-4.2.3.tgz#269c7117d27b05ad2e536830a8ec895ef9c6d010"
  dependencies:
    emoji-regex "^8.0.0"
    is-fullwidth-code-point "^3.0.0"
    strip-ansi "^6.0.1"

string-width@^4.1.0:
  version "4.2.3"
  resolved "https://registry.yarnpkg.com/string-width/-/string-width-4.2.3.tgz#269c7117d27b05ad2e536830a8ec895ef9c6d010"
  dependencies:
    emoji-regex "^8.0.0"
    is-fullwidth-code-point "^3.0.0"
    strip-ansi "^6.0.1"

string-width@^5.0.1, string-width@^5.1.2:
  version "5.1.2"
  resolved "https://registry.yarnpkg.com/string-width/-/string-width-5.1.2.tgz#14f8daec6d81e7221d2a357e668cab73bdbca794"
  dependencies:
    eastasianwidth "^0.2.0"
    emoji-regex "^9.2.2"
    strip-ansi "^7.0.1"

string_decoder@^1.3.0:
  version "1.3.0"
  resolved "https://registry.yarnpkg.com/string_decoder/-/string_decoder-1.3.0.tgz#42f114594a46cf1a8e30b0a84f56c78c3edac21e"
  dependencies:
    safe-buffer "~5.2.0"

string_decoder@~1.1.1:
  version "1.1.1"
  resolved "https://registry.npmjs.org/string_decoder/-/string_decoder-1.1.1.tgz"
  dependencies:
    safe-buffer "~5.1.0"

"strip-ansi-cjs@npm:strip-ansi@^6.0.1":
  version "6.0.1"
  resolved "https://registry.yarnpkg.com/strip-ansi/-/strip-ansi-6.0.1.tgz#9e26c63d30f53443e9489495b2105d37b67a85d9"
  dependencies:
    ansi-regex "^5.0.1"

strip-ansi@^6.0.0, strip-ansi@^6.0.1:
  version "6.0.1"
  resolved "https://registry.yarnpkg.com/strip-ansi/-/strip-ansi-6.0.1.tgz#9e26c63d30f53443e9489495b2105d37b67a85d9"
  dependencies:
    ansi-regex "^5.0.1"

strip-ansi@^7.0.1:
  version "7.2.0"
  resolved "https://registry.yarnpkg.com/strip-ansi/-/strip-ansi-7.2.0.tgz#d22a269522836a627af8d04b5c3fd2c7fa3e32e3"
  dependencies:
    ansi-regex "^6.2.2"

strip-final-newline@^2.0.0:
  version "2.0.0"
  resolved "https://registry.yarnpkg.com/strip-final-newline/-/strip-final-newline-2.0.0.tgz#89b852fb2fcbe936f6f4b3187afb0a12c1ab58ad"

strip-final-newline@^3.0.0:
  version "3.0.0"
  resolved "https://registry.yarnpkg.com/strip-final-newline/-/strip-final-newline-3.0.0.tgz#52894c313fbff318835280aed60ff71ebf12b8fd"

system-architecture@^0.1.0:
  version "0.1.0"
  resolved "https://registry.yarnpkg.com/system-architecture/-/system-architecture-0.1.0.tgz#71012b3ac141427d97c67c56bc7921af6bff122d"

tar-stream@^3.0.0:
  version "3.1.8"
  resolved "https://registry.yarnpkg.com/tar-stream/-/tar-stream-3.1.8.tgz#a26f5b26c34dfd4936a4f8a9e694a8f5102af13d"
  dependencies:
    b4a "^1.6.4"
    bare-fs "^4.5.5"
    fast-fifo "^1.2.0"
    streamx "^2.15.0"

teex@^1.0.1:
  version "1.0.1"
  resolved "https://registry.yarnpkg.com/teex/-/teex-1.0.1.tgz#b8fa7245ef8e8effa8078281946c85ab780a0b12"
  dependencies:
    streamx "^2.12.5"

text-decoder@^1.1.0:
  version "1.2.7"
  resolved "https://registry.yarnpkg.com/text-decoder/-/text-decoder-1.2.7.tgz#5d073a9a74b9c0a9d28dfadcab96b604af57d8ba"
  dependencies:
    b4a "^1.6.4"

tfx-cli@~0.23.1:
  version "0.23.1"
  resolved "https://registry.yarnpkg.com/tfx-cli/-/tfx-cli-0.23.1.tgz#4d9c984a31f4f0671488d52d4ebf99720a3cc1a8"
  dependencies:
    app-root-path "1.0.0"
    archiver "^7.0.1"
    azure-devops-node-api "^14.0.0"
    clipboardy "^4.0.0"
    colors "~1.3.0"
    glob "^11.1.0"
    jju "^1.4.0"
    json-in-place "^1.0.1"
    jszip "^3.10.1"
    lodash "^4.17.21"
    minimist "^1.2.6"
    mkdirp "^1.0.4"
    onecolor "^2.5.0"
    os-homedir "^1.0.1"
    prompt "^1.3.0"
    read "^1.0.6"
    shelljs "^0.10.0"
    tmp "^0.2.4"
    tracer "0.7.4"
    util.promisify "^1.0.0"
    uuid "^13.0.0"
    validator "^13.15.23"
    winreg "0.0.12"
    xml2js "^0.5.0"

tinytim@0.1.1:
  version "0.1.1"
  resolved "https://registry.npmjs.org/tinytim/-/tinytim-0.1.1.tgz"
  integrity "sha1-yWih5VWa2VUyJO92J7qzTjyu+Kg= sha512-NIpsp9lBIxPNzB++HnMmUd4byzJSVbbO4F+As1Gb1IG/YQT5QvmBDjpx8SpDS8fhGC+t+Qw8ldQgbcAIaU+2cA=="

tmp@^0.2.4:
  version "0.2.5"
  resolved "https://registry.yarnpkg.com/tmp/-/tmp-0.2.5.tgz#b06bcd23f0f3c8357b426891726d16015abfd8f8"

to-regex-range@^5.0.1:
  version "5.0.1"
  resolved "https://registry.yarnpkg.com/to-regex-range/-/to-regex-range-5.0.1.tgz#1648c44aae7c8d988a326018ed72f5b4dd0392e4"
  dependencies:
    is-number "^7.0.0"

tracer@0.7.4:
  version "0.7.4"
  resolved "https://registry.npmjs.org/tracer/-/tracer-0.7.4.tgz"
  integrity "sha1-d/oEN8+Ct2vNvNRLhHRHcuWeUlk= sha512-yG3Yb4ztlE1CZHNRWcBqjRIVSCXd8fx7HvL9gvlC37tpPrG3I5skNAY3mQApWeQiw0/3m83JWbfagwOAlmP/ww=="
  dependencies:
    colors "1.0.3"
    dateformat "1.0.11"
    tinytim "0.1.1"

tunnel@0.0.6:
  version "0.0.6"
  resolved "https://registry.yarnpkg.com/tunnel/-/tunnel-0.0.6.tgz#72f1314b34a5b192db012324df2cc587ca47f92c"

typed-rest-client@2.1.0:
  version "2.1.0"
  resolved "https://registry.yarnpkg.com/typed-rest-client/-/typed-rest-client-2.1.0.tgz#f04c6cfcabc6012c2d036b806eaac455604f1598"
  dependencies:
    des.js "^1.1.0"
    js-md4 "^0.3.2"
    qs "^6.10.3"
    tunnel "0.0.6"
    underscore "^1.12.1"

typescript@^2.9.2:
  version "2.9.2"
  resolved "https://registry.npmjs.org/typescript/-/typescript-2.9.2.tgz"

underscore@^1.12.1:
  version "1.13.8"
  resolved "https://registry.yarnpkg.com/underscore/-/underscore-1.13.8.tgz#a93a21186c049dbf0e847496dba72b7bd8c1e92b"

util-deprecate@~1.0.1:
  version "1.0.2"
  resolved "https://registry.npmjs.org/util-deprecate/-/util-deprecate-1.0.2.tgz"
  integrity "sha1-RQ1Nyfpw3nMnYvvS1KKJgUGaDM8= sha512-EPD5q1uXyFxJpCrLnCc1nHnq3gOa6DZBocAIiI2TaSCA7VCJ1UJDMagCzIkXNsUYfD1daK//LTEQ8xiIbrHtcw=="

util.promisify@^1.0.0:
  version "1.0.0"
  resolved "https://registry.npmjs.org/util.promisify/-/util.promisify-1.0.0.tgz"
  dependencies:
    define-properties "^1.1.2"
    object.getownpropertydescriptors "^2.0.3"

uuid@^13.0.0:
  version "13.0.0"
  resolved "https://registry.yarnpkg.com/uuid/-/uuid-13.0.0.tgz#263dc341b19b4d755eb8fe36b78d95a6b65707e8"

validator@^13.15.23:
  version "13.15.26"
  resolved "https://registry.yarnpkg.com/validator/-/validator-13.15.26.tgz#36c3deeab30e97806a658728a155c66fcaa5b944"

vss-web-extension-sdk@5.131.0:
  version "5.131.0"
  resolved "https://registry.npmjs.org/vss-web-extension-sdk/-/vss-web-extension-sdk-5.131.0.tgz"
  dependencies:
    "@types/jquery" ">=2.0.48"
    "@types/jqueryui" ">=1.11.34"
    "@types/knockout" "^3.4.49"
    "@types/mousetrap" "~1.5.34"
    "@types/q" "0.0.32"
    "@types/react" "^15.6.12"
    "@types/requirejs" ">=2.1.28"

which@^2.0.1:
  version "2.0.2"
  resolved "https://registry.yarnpkg.com/which/-/which-2.0.2.tgz#7c6a8dd0a636a0327e10b59c9286eee93f3f51b1"
  dependencies:
    isexe "^2.0.0"

winreg@0.0.12:
  version "0.0.12"
  resolved "https://registry.npmjs.org/winreg/-/winreg-0.0.12.tgz"
  integrity "sha1-BxBVVLoanQiXklHRKUdb/64wBrc= sha512-typ/+JRmi7RqP1NanzFULK36vczznSNN8kWVA9vIqXyv8GhghUlwhGp1Xj3Nms1FsPcNnsQrJOR10N58/nQ9hQ=="

winston@2.x:
  version "2.4.7"
  resolved "https://registry.yarnpkg.com/winston/-/winston-2.4.7.tgz#5791fe08ea7e90db090f1cb31ef98f32531062f1"
  dependencies:
    async "^2.6.4"
    colors "1.0.x"
    cycle "1.0.x"
    eyes "0.1.x"
    isstream "0.1.x"
    stack-trace "0.0.x"

"wrap-ansi-cjs@npm:wrap-ansi@^7.0.0":
  version "7.0.0"
  resolved "https://registry.yarnpkg.com/wrap-ansi/-/wrap-ansi-7.0.0.tgz#67e145cff510a6a6984bdf1152911d69d2eb9e43"
  dependencies:
    ansi-styles "^4.0.0"
    string-width "^4.1.0"
    strip-ansi "^6.0.0"

wrap-ansi@^8.1.0:
  version "8.1.0"
  resolved "https://registry.yarnpkg.com/wrap-ansi/-/wrap-ansi-8.1.0.tgz#56dc22368ee570face1b49819975d9b9a5ead214"
  dependencies:
    ansi-styles "^6.1.0"
    string-width "^5.0.1"
    strip-ansi "^7.0.1"

wrappy@1:
  version "1.0.2"
  resolved "https://registry.npmjs.org/wrappy/-/wrappy-1.0.2.tgz"
  integrity "sha1-tSQ9jz7BqjXxNkYFvA0QNuMKtp8= sha512-l4Sp/DRseor9wL6EvV2+TuQn63dMkPjZ/sp9XkghTEbV9KlPS1xUsZ3u7/IQO4wxtcFB4bgpQPRcR3QCvezPcQ=="

xml2js@^0.5.0:
  version "0.5.0"
  resolved "https://registry.yarnpkg.com/xml2js/-/xml2js-0.5.0.tgz#d9440631fbb2ed800203fad106f2724f62c493b7"
  dependencies:
    sax ">=0.6.0"
    xmlbuilder "~11.0.0"

xmlbuilder@~11.0.0:
  version "11.0.1"
  resolved "https://registry.yarnpkg.com/xmlbuilder/-/xmlbuilder-11.0.1.tgz#be9bae1c8a046e76b31127726347d0ad7002beb3"

zip-stream@^6.0.1:
  version "6.0.1"
  resolved "https://registry.yarnpkg.com/zip-stream/-/zip-stream-6.0.1.tgz#e141b930ed60ccaf5d7fa9c8260e0d1748a2bbfb"
  dependencies:
    archiver-utils "^5.0.0"
    compress-commons "^6.0.2"
    readable-stream "^4.0.0"
